{
  "originHash" : "407eb651dd438edab4e0cf58dfc770dda15afb7e9beb741333e5c104058c8dea",
  "pins" : [
    {
      "identity" : "asynccacheimage",
      "kind" : "remoteSourceControl",
      "location" : "https://github.com/UlianaGritchina/AsyncCacheImage.git",
      "state" : {
        "revision" : "812e0d6d698364e8d62e88dc3997c1bf2972bbc3",
        "version" : "1.0.2"
      }
    }
  ],
  "version" : 3
}
