{
  "originHash" : "407eb651dd438edab4e0cf58dfc770dda15afb7e9beb741333e5c104058c8dea",
  "pins" : [
    {
      "identity" : "asynccacheimage",
      "kind" : "remoteSourceControl",
      "location" : "https://github.com/UlianaGritchina/AsyncCacheImage.git",
      "state" : {
        "revision" : "a9923d6179a588d0c6545586d56e3c1dc51c8393",
        "version" : "1.0.3"
      }
    }
  ],
  "version" : 3
}
