// !$*UTF8*$!
{
	archiveVersion = 1;
	classes = {
	};
	objectVersion = 77;
	objects = {

/* Begin PBXBuildFile section */
		0E2402A2300105E800A46D20 /* ApodData in Frameworks */ = {isa = PBXBuildFile; productRef = 0E2402A1300105E800A46D20 /* ApodData */; };
		0E2402A4300105FA00A46D20 /* ApodDomain in Frameworks */ = {isa = PBXBuildFile; productRef = 0E2402A3300105FA00A46D20 /* ApodDomain */; };
		0E377BE530010D8900931F82 /* DependencyContainer in Frameworks */ = {isa = PBXBuildFile; productRef = 0E377BE430010D8900931F82 /* DependencyContainer */; };
		0E377C283001362000931F82 /* ExploreData in Frameworks */ = {isa = PBXBuildFile; productRef = 0E377C273001362000931F82 /* ExploreData */; };
		0E377C2A3001362500931F82 /* ExploreDomain in Frameworks */ = {isa = PBXBuildFile; productRef = 0E377C293001362500931F82 /* ExploreDomain */; };
		0E37ECE22FF2A1D4005F4D0B /* APOD in Frameworks */ = {isa = PBXBuildFile; productRef = 0E37ECE12FF2A1D4005F4D0B /* APOD */; };
		0E37ECE52FF2A368005F4D0B /* Core in Frameworks */ = {isa = PBXBuildFile; productRef = 0E37ECE42FF2A368005F4D0B /* Core */; };
		0E3919542FFE808900B982A0 /* Explore in Frameworks */ = {isa = PBXBuildFile; productRef = 0E3919532FFE808900B982A0 /* Explore */; };
		0E4CD3752FF3B75700485651 /* DesignSystem in Frameworks */ = {isa = PBXBuildFile; productRef = 0E4CD3742FF3B75700485651 /* DesignSystem */; };
		0E4FDDC22FFFCB640098E4EF /* MediaKit in Frameworks */ = {isa = PBXBuildFile; productRef = 0E4FDDC12FFFCB640098E4EF /* MediaKit */; };
		0EE5D9A52FFD102400CC4C96 /* MainTabView in Frameworks */ = {isa = PBXBuildFile; productRef = 0EE5D9A42FFD102400CC4C96 /* MainTabView */; };
		0EE5D9A82FFD112E00CC4C96 /* AppFoundation in Frameworks */ = {isa = PBXBuildFile; productRef = 0EE5D9A72FFD112E00CC4C96 /* AppFoundation */; };
/* End PBXBuildFile section */

/* Begin PBXContainerItemProxy section */
		0E76075B2FEAAEF500F958AA /* PBXContainerItemProxy */ = {
			isa = PBXContainerItemProxy;
			containerPortal = 0E7607412FEAAEF300F958AA /* Project object */;
			proxyType = 1;
			remoteGlobalIDString = 0E7607482FEAAEF300F958AA;
			remoteInfo = NASA_APOD;
		};
		0E7607652FEAAEF500F958AA /* PBXContainerItemProxy */ = {
			isa = PBXContainerItemProxy;
			containerPortal = 0E7607412FEAAEF300F958AA /* Project object */;
			proxyType = 1;
			remoteGlobalIDString = 0E7607482FEAAEF300F958AA;
			remoteInfo = NASA_APOD;
		};
/* End PBXContainerItemProxy section */

/* Begin PBXFileReference section */
		0E7607492FEAAEF300F958AA /* NasaApod.app */ = {isa = PBXFileReference; explicitFileType = wrapper.application; includeInIndex = 0; path = NasaApod.app; sourceTree = BUILT_PRODUCTS_DIR; };
		0E76075A2FEAAEF500F958AA /* NasaApodTests.xctest */ = {isa = PBXFileReference; explicitFileType = wrapper.cfbundle; includeInIndex = 0; path = NasaApodTests.xctest; sourceTree = BUILT_PRODUCTS_DIR; };
		0E7607642FEAAEF500F958AA /* NasaApodUITests.xctest */ = {isa = PBXFileReference; explicitFileType = wrapper.cfbundle; includeInIndex = 0; path = NasaApodUITests.xctest; sourceTree = BUILT_PRODUCTS_DIR; };
/* End PBXFileReference section */

/* Begin PBXFileSystemSynchronizedBuildFileExceptionSet section */
		0ECEE4B52FFBF40F00AA0EC1 /* Exceptions for "NasaApod" folder in "NasaApod" target */ = {
			isa = PBXFileSystemSynchronizedBuildFileExceptionSet;
			membershipExceptions = (
				Packages/AppFoundation,
				Packages/DependencyContainer,
				Packages/Features/APOD/ApodData,
				Packages/Features/APOD/ApodDomain,
				Packages/Features/Explore/Explore,
				Packages/Features/Explore/ExploreData,
				Packages/Features/Explore/ExploreDomain,
				Packages/Features/MainTabView,
				Packages/MediaKit,
			);
			target = 0E7607482FEAAEF300F958AA /* NasaApod */;
		};
/* End PBXFileSystemSynchronizedBuildFileExceptionSet section */

/* Begin PBXFileSystemSynchronizedRootGroup section */
		0E76074B2FEAAEF300F958AA /* NasaApod */ = {
			isa = PBXFileSystemSynchronizedRootGroup;
			exceptions = (
				0ECEE4B52FFBF40F00AA0EC1 /* Exceptions for "NasaApod" folder in "NasaApod" target */,
			);
			path = NasaApod;
			sourceTree = "<group>";
		};
		0E76075D2FEAAEF500F958AA /* NasaApodTests */ = {
			isa = PBXFileSystemSynchronizedRootGroup;
			path = NasaApodTests;
			sourceTree = "<group>";
		};
		0E7607672FEAAEF500F958AA /* NasaApodUITests */ = {
			isa = PBXFileSystemSynchronizedRootGroup;
			path = NasaApodUITests;
			sourceTree = "<group>";
		};
/* End PBXFileSystemSynchronizedRootGroup section */

/* Begin PBXFrameworksBuildPhase section */
		0E7607462FEAAEF300F958AA /* Frameworks */ = {
			isa = PBXFrameworksBuildPhase;
			buildActionMask = 2147483647;
			files = (
				0E37ECE22FF2A1D4005F4D0B /* APOD in Frameworks */,
				0E4FDDC22FFFCB640098E4EF /* MediaKit in Frameworks */,
				0EE5D9A82FFD112E00CC4C96 /* AppFoundation in Frameworks */,
				0E377BE530010D8900931F82 /* DependencyContainer in Frameworks */,
				0E37ECE52FF2A368005F4D0B /* Core in Frameworks */,
				0EE5D9A52FFD102400CC4C96 /* MainTabView in Frameworks */,
				0E2402A2300105E800A46D20 /* ApodData in Frameworks */,
				0E377C283001362000931F82 /* ExploreData in Frameworks */,
				0E377C2A3001362500931F82 /* ExploreDomain in Frameworks */,
				0E2402A4300105FA00A46D20 /* ApodDomain in Frameworks */,
				0E4CD3752FF3B75700485651 /* DesignSystem in Frameworks */,
				0E3919542FFE808900B982A0 /* Explore in Frameworks */,
			);
			runOnlyForDeploymentPostprocessing = 0;
		};
		0E7607572FEAAEF500F958AA /* Frameworks */ = {
			isa = PBXFrameworksBuildPhase;
			buildActionMask = 2147483647;
			files = (
			);
			runOnlyForDeploymentPostprocessing = 0;
		};
		0E7607612FEAAEF500F958AA /* Frameworks */ = {
			isa = PBXFrameworksBuildPhase;
			buildActionMask = 2147483647;
			files = (
			);
			runOnlyForDeploymentPostprocessing = 0;
		};
/* End PBXFrameworksBuildPhase section */

/* Begin PBXGroup section */
		0E37ECE02FF2A1D4005F4D0B /* Frameworks */ = {
			isa = PBXGroup;
			children = (
			);
			name = Frameworks;
			sourceTree = "<group>";
		};
		0E7607402FEAAEF300F958AA = {
			isa = PBXGroup;
			children = (
				0E76074B2FEAAEF300F958AA /* NasaApod */,
				0E76075D2FEAAEF500F958AA /* NasaApodTests */,
				0E7607672FEAAEF500F958AA /* NasaApodUITests */,
				0E37ECE02FF2A1D4005F4D0B /* Frameworks */,
				0E76074A2FEAAEF300F958AA /* Products */,
			);
			sourceTree = "<group>";
		};
		0E76074A2FEAAEF300F958AA /* Products */ = {
			isa = PBXGroup;
			children = (
				0E7607492FEAAEF300F958AA /* NasaApod.app */,
				0E76075A2FEAAEF500F958AA /* NasaApodTests.xctest */,
				0E7607642FEAAEF500F958AA /* NasaApodUITests.xctest */,
			);
			name = Products;
			sourceTree = "<group>";
		};
/* End PBXGroup section */

/* Begin PBXNativeTarget section */
		0E7607482FEAAEF300F958AA /* NasaApod */ = {
			isa = PBXNativeTarget;
			buildConfigurationList = 0E76076D2FEAAEF500F958AA /* Build configuration list for PBXNativeTarget "NasaApod" */;
			buildPhases = (
				0E7607452FEAAEF300F958AA /* Sources */,
				0E7607462FEAAEF300F958AA /* Frameworks */,
				0E7607472FEAAEF300F958AA /* Resources */,
			);
			buildRules = (
			);
			dependencies = (
			);
			fileSystemSynchronizedGroups = (
				0E76074B2FEAAEF300F958AA /* NasaApod */,
			);
			name = NasaApod;
			packageProductDependencies = (
				0E37ECE12FF2A1D4005F4D0B /* APOD */,
				0E37ECE42FF2A368005F4D0B /* Core */,
				0E4CD3742FF3B75700485651 /* DesignSystem */,
				0EE5D9A42FFD102400CC4C96 /* MainTabView */,
				0EE5D9A72FFD112E00CC4C96 /* AppFoundation */,
				0E3919532FFE808900B982A0 /* Explore */,
				0E4FDDC12FFFCB640098E4EF /* MediaKit */,
				0E2402A1300105E800A46D20 /* ApodData */,
				0E2402A3300105FA00A46D20 /* ApodDomain */,
				0E377BE430010D8900931F82 /* DependencyContainer */,
				0E377C273001362000931F82 /* ExploreData */,
				0E377C293001362500931F82 /* ExploreDomain */,
			);
			productName = NASA_APOD;
			productReference = 0E7607492FEAAEF300F958AA /* NasaApod.app */;
			productType = "com.apple.product-type.application";
		};
		0E7607592FEAAEF500F958AA /* NasaApodTests */ = {
			isa = PBXNativeTarget;
			buildConfigurationList = 0E7607722FEAAEF500F958AA /* Build configuration list for PBXNativeTarget "NasaApodTests" */;
			buildPhases = (
				0E7607562FEAAEF500F958AA /* Sources */,
				0E7607572FEAAEF500F958AA /* Frameworks */,
				0E7607582FEAAEF500F958AA /* Resources */,
			);
			buildRules = (
			);
			dependencies = (
				0E76075C2FEAAEF500F958AA /* PBXTargetDependency */,
			);
			fileSystemSynchronizedGroups = (
				0E76075D2FEAAEF500F958AA /* NasaApodTests */,
			);
			name = NasaApodTests;
			packageProductDependencies = (
			);
			productName = NASA_APODTests;
			productReference = 0E76075A2FEAAEF500F958AA /* NasaApodTests.xctest */;
			productType = "com.apple.product-type.bundle.unit-test";
		};
		0E7607632FEAAEF500F958AA /* NasaApodUITests */ = {
			isa = PBXNativeTarget;
			buildConfigurationList = 0E7607752FEAAEF500F958AA /* Build configuration list for PBXNativeTarget "NasaApodUITests" */;
			buildPhases = (
				0E7607602FEAAEF500F958AA /* Sources */,
				0E7607612FEAAEF500F958AA /* Frameworks */,
				0E7607622FEAAEF500F958AA /* Resources */,
			);
			buildRules = (
			);
			dependencies = (
				0E7607662FEAAEF500F958AA /* PBXTargetDependency */,
			);
			fileSystemSynchronizedGroups = (
				0E7607672FEAAEF500F958AA /* NasaApodUITests */,
			);
			name = NasaApodUITests;
			packageProductDependencies = (
			);
			productName = NASA_APODUITests;
			productReference = 0E7607642FEAAEF500F958AA /* NasaApodUITests.xctest */;
			productType = "com.apple.product-type.bundle.ui-testing";
		};
/* End PBXNativeTarget section */

/* Begin PBXProject section */
		0E7607412FEAAEF300F958AA /* Project object */ = {
			isa = PBXProject;
			attributes = {
				BuildIndependentTargetsInParallel = 1;
				LastSwiftUpdateCheck = 2620;
				LastUpgradeCheck = 2620;
				TargetAttributes = {
					0E7607482FEAAEF300F958AA = {
						CreatedOnToolsVersion = 26.2;
					};
					0E7607592FEAAEF500F958AA = {
						CreatedOnToolsVersion = 26.2;
						TestTargetID = 0E7607482FEAAEF300F958AA;
					};
					0E7607632FEAAEF500F958AA = {
						CreatedOnToolsVersion = 26.2;
						TestTargetID = 0E7607482FEAAEF300F958AA;
					};
				};
			};
			buildConfigurationList = 0E7607442FEAAEF300F958AA /* Build configuration list for PBXProject "NasaApod" */;
			developmentRegion = en;
			hasScannedForEncodings = 0;
			knownRegions = (
				en,
				Base,
			);
			mainGroup = 0E7607402FEAAEF300F958AA;
			minimizedProjectReferenceProxies = 1;
			preferredProjectObjectVersion = 77;
			productRefGroup = 0E76074A2FEAAEF300F958AA /* Products */;
			projectDirPath = "";
			projectRoot = "";
			targets = (
				0E7607482FEAAEF300F958AA /* NasaApod */,
				0E7607592FEAAEF500F958AA /* NasaApodTests */,
				0E7607632FEAAEF500F958AA /* NasaApodUITests */,
			);
		};
/* End PBXProject section */

/* Begin PBXResourcesBuildPhase section */
		0E7607472FEAAEF300F958AA /* Resources */ = {
			isa = PBXResourcesBuildPhase;
			buildActionMask = 2147483647;
			files = (
			);
			runOnlyForDeploymentPostprocessing = 0;
		};
		0E7607582FEAAEF500F958AA /* Resources */ = {
			isa = PBXResourcesBuildPhase;
			buildActionMask = 2147483647;
			files = (
			);
			runOnlyForDeploymentPostprocessing = 0;
		};
		0E7607622FEAAEF500F958AA /* Resources */ = {
			isa = PBXResourcesBuildPhase;
			buildActionMask = 2147483647;
			files = (
			);
			runOnlyForDeploymentPostprocessing = 0;
		};
/* End PBXResourcesBuildPhase section */

/* Begin PBXSourcesBuildPhase section */
		0E7607452FEAAEF300F958AA /* Sources */ = {
			isa = PBXSourcesBuildPhase;
			buildActionMask = 2147483647;
			files = (
			);
			runOnlyForDeploymentPostprocessing = 0;
		};
		0E7607562FEAAEF500F958AA /* Sources */ = {
			isa = PBXSourcesBuildPhase;
			buildActionMask = 2147483647;
			files = (
			);
			runOnlyForDeploymentPostprocessing = 0;
		};
		0E7607602FEAAEF500F958AA /* Sources */ = {
			isa = PBXSourcesBuildPhase;
			buildActionMask = 2147483647;
			files = (
			);
			runOnlyForDeploymentPostprocessing = 0;
		};
/* End PBXSourcesBuildPhase section */

/* Begin PBXTargetDependency section */
		0E76075C2FEAAEF500F958AA /* PBXTargetDependency */ = {
			isa = PBXTargetDependency;
			target = 0E7607482FEAAEF300F958AA /* NasaApod */;
			targetProxy = 0E76075B2FEAAEF500F958AA /* PBXContainerItemProxy */;
		};
		0E7607662FEAAEF500F958AA /* PBXTargetDependency */ = {
			isa = PBXTargetDependency;
			target = 0E7607482FEAAEF300F958AA /* NasaApod */;
			targetProxy = 0E7607652FEAAEF500F958AA /* PBXContainerItemProxy */;
		};
/* End PBXTargetDependency section */

/* Begin XCBuildConfiguration section */
		0E76076E2FEAAEF500F958AA /* Debug */ = {
			isa = XCBuildConfiguration;
			buildSettings = {
				ASSETCATALOG_COMPILER_APPICON_NAME = AppIcon;
				ASSETCATALOG_COMPILER_GLOBAL_ACCENT_COLOR_NAME = AccentColor;
				CODE_SIGN_STYLE = Automatic;
				CURRENT_PROJECT_VERSION = 1;
				DEVELOPMENT_TEAM = "";
				ENABLE_APP_SANDBOX = YES;
				ENABLE_HARDENED_RUNTIME = YES;
				ENABLE_PREVIEWS = YES;
				ENABLE_USER_SELECTED_FILES = readonly;
				GENERATE_INFOPLIST_FILE = YES;
				INFOPLIST_KEY_CFBundleDisplayName = "Universe ONE";
				"INFOPLIST_KEY_UIApplicationSceneManifest_Generation[sdk=iphoneos*]" = YES;
				"INFOPLIST_KEY_UIApplicationSceneManifest_Generation[sdk=iphonesimulator*]" = YES;
				"INFOPLIST_KEY_UIApplicationSupportsIndirectInputEvents[sdk=iphoneos*]" = YES;
				"INFOPLIST_KEY_UIApplicationSupportsIndirectInputEvents[sdk=iphonesimulator*]" = YES;
				"INFOPLIST_KEY_UILaunchScreen_Generation[sdk=iphoneos*]" = YES;
				"INFOPLIST_KEY_UILaunchScreen_Generation[sdk=iphonesimulator*]" = YES;
				"INFOPLIST_KEY_UIStatusBarStyle[sdk=iphoneos*]" = UIStatusBarStyleDefault;
				"INFOPLIST_KEY_UIStatusBarStyle[sdk=iphonesimulator*]" = UIStatusBarStyleDefault;
				INFOPLIST_KEY_UISupportedInterfaceOrientations_iPad = "UIInterfaceOrientationPortrait UIInterfaceOrientationPortraitUpsideDown UIInterfaceOrientationLandscapeLeft UIInterfaceOrientationLandscapeRight";
				INFOPLIST_KEY_UISupportedInterfaceOrientations_iPhone = "UIInterfaceOrientationPortrait UIInterfaceOrientationLandscapeLeft UIInterfaceOrientationLandscapeRight";
				IPHONEOS_DEPLOYMENT_TARGET = 17.0;
				LD_RUNPATH_SEARCH_PATHS = "@executable_path/Frameworks";
				"LD_RUNPATH_SEARCH_PATHS[sdk=macosx*]" = "@executable_path/../Frameworks";
				MACOSX_DEPLOYMENT_TARGET = 15.6;
				MARKETING_VERSION = 1.0;
				PRODUCT_BUNDLE_IDENTIFIER = "com.sugri.NASA-APOD";
				PRODUCT_NAME = "$(TARGET_NAME)";
				REGISTER_APP_GROUPS = YES;
				SDKROOT = auto;
				STRING_CATALOG_GENERATE_SYMBOLS = YES;
				SUPPORTED_PLATFORMS = "iphoneos iphonesimulator macosx xros xrsimulator";
				SWIFT_APPROACHABLE_CONCURRENCY = YES;
				SWIFT_DEFAULT_ACTOR_ISOLATION = MainActor;
				SWIFT_EMIT_LOC_STRINGS = YES;
				SWIFT_UPCOMING_FEATURE_MEMBER_IMPORT_VISIBILITY = YES;
				SWIFT_VERSION = 5.0;
				TARGETED_DEVICE_FAMILY = "1,2,7";
				XROS_DEPLOYMENT_TARGET = 2.6;
			};
			name = Debug;
		};
		0E76076F2FEAAEF500F958AA /* Release */ = {
			isa = XCBuildConfiguration;
			buildSettings = {
				ASSETCATALOG_COMPILER_APPICON_NAME = AppIcon;
				ASSETCATALOG_COMPILER_GLOBAL_ACCENT_COLOR_NAME = AccentColor;
				CODE_SIGN_STYLE = Automatic;
				CURRENT_PROJECT_VERSION = 1;
				DEVELOPMENT_TEAM = "";
				ENABLE_APP_SANDBOX = YES;
				ENABLE_HARDENED_RUNTIME = YES;
				ENABLE_PREVIEWS = YES;
				ENABLE_USER_SELECTED_FILES = readonly;
				GENERATE_INFOPLIST_FILE = YES;
				INFOPLIST_KEY_CFBundleDisplayName = "Universe ONE";
				"INFOPLIST_KEY_UIApplicationSceneManifest_Generation[sdk=iphoneos*]" = YES;
				"INFOPLIST_KEY_UIApplicationSceneManifest_Generation[sdk=iphonesimulator*]" = YES;
				"INFOPLIST_KEY_UIApplicationSupportsIndirectInputEvents[sdk=iphoneos*]" = YES;
				"INFOPLIST_KEY_UIApplicationSupportsIndirectInputEvents[sdk=iphonesimulator*]" = YES;
				"INFOPLIST_KEY_UILaunchScreen_Generation[sdk=iphoneos*]" = YES;
				"INFOPLIST_KEY_UILaunchScreen_Generation[sdk=iphonesimulator*]" = YES;
				"INFOPLIST_KEY_UIStatusBarStyle[sdk=iphoneos*]" = UIStatusBarStyleDefault;
				"INFOPLIST_KEY_UIStatusBarStyle[sdk=iphonesimulator*]" = UIStatusBarStyleDefault;
				INFOPLIST_KEY_UISupportedInterfaceOrientations_iPad = "UIInterfaceOrientationPortrait UIInterfaceOrientationPortraitUpsideDown UIInterfaceOrientationLandscapeLeft UIInterfaceOrientationLandscapeRight";
				INFOPLIST_KEY_UISupportedInterfaceOrientations_iPhone = "UIInterfaceOrientationPortrait UIInterfaceOrientationLandscapeLeft UIInterfaceOrientationLandscapeRight";
				IPHONEOS_DEPLOYMENT_TARGET = 17.0;
				LD_RUNPATH_SEARCH_PATHS = "@executable_path/Frameworks";
				"LD_RUNPATH_SEARCH_PATHS[sdk=macosx*]" = "@executable_path/../Frameworks";
				MACOSX_DEPLOYMENT_TARGET = 15.6;
				MARKETING_VERSION = 1.0;
				PRODUCT_BUNDLE_IDENTIFIER = "com.sugri.NASA-APOD";
				PRODUCT_NAME = "$(TARGET_NAME)";
				REGISTER_APP_GROUPS = YES;
				SDKROOT = auto;
				STRING_CATALOG_GENERATE_SYMBOLS = YES;
				SUPPORTED_PLATFORMS = "iphoneos iphonesimulator macosx xros xrsimulator";
				SWIFT_APPROACHABLE_CONCURRENCY = YES;
				SWIFT_DEFAULT_ACTOR_ISOLATION = MainActor;
				SWIFT_EMIT_LOC_STRINGS = YES;
				SWIFT_UPCOMING_FEATURE_MEMBER_IMPORT_VISIBILITY = YES;
				SWIFT_VERSION = 5.0;
				TARGETED_DEVICE_FAMILY = "1,2,7";
				XROS_DEPLOYMENT_TARGET = 2.6;
			};
			name = Release;
		};
		0E7607702FEAAEF500F958AA /* Debug */ = {
			isa = XCBuildConfiguration;
			buildSettings = {
				ALWAYS_SEARCH_USER_PATHS = NO;
				ASSETCATALOG_COMPILER_GENERATE_SWIFT_ASSET_SYMBOL_EXTENSIONS = YES;
				CLANG_ANALYZER_NONNULL = YES;
				CLANG_ANALYZER_NUMBER_OBJECT_CONVERSION = YES_AGGRESSIVE;
				CLANG_CXX_LANGUAGE_STANDARD = "gnu++20";
				CLANG_ENABLE_MODULES = YES;
				CLANG_ENABLE_OBJC_ARC = YES;
				CLANG_ENABLE_OBJC_WEAK = YES;
				CLANG_WARN_BLOCK_CAPTURE_AUTORELEASING = YES;
				CLANG_WARN_BOOL_CONVERSION = YES;
				CLANG_WARN_COMMA = YES;
				CLANG_WARN_CONSTANT_CONVERSION = YES;
				CLANG_WARN_DEPRECATED_OBJC_IMPLEMENTATIONS = YES;
				CLANG_WARN_DIRECT_OBJC_ISA_USAGE = YES_ERROR;
				CLANG_WARN_DOCUMENTATION_COMMENTS = YES;
				CLANG_WARN_EMPTY_BODY = YES;
				CLANG_WARN_ENUM_CONVERSION = YES;
				CLANG_WARN_INFINITE_RECURSION = YES;
				CLANG_WARN_INT_CONVERSION = YES;
				CLANG_WARN_NON_LITERAL_NULL_CONVERSION = YES;
				CLANG_WARN_OBJC_IMPLICIT_RETAIN_SELF = YES;
				CLANG_WARN_OBJC_LITERAL_CONVERSION = YES;
				CLANG_WARN_OBJC_ROOT_CLASS = YES_ERROR;
				CLANG_WARN_QUOTED_INCLUDE_IN_FRAMEWORK_HEADER = YES;
				CLANG_WARN_RANGE_LOOP_ANALYSIS = YES;
				CLANG_WARN_STRICT_PROTOTYPES = YES;
				CLANG_WARN_SUSPICIOUS_MOVE = YES;
				CLANG_WARN_UNGUARDED_AVAILABILITY = YES_AGGRESSIVE;
				CLANG_WARN_UNREACHABLE_CODE = YES;
				CLANG_WARN__DUPLICATE_METHOD_MATCH = YES;
				COPY_PHASE_STRIP = NO;
				DEBUG_INFORMATION_FORMAT = dwarf;
				DEVELOPMENT_TEAM = 86SKTK882J;
				ENABLE_STRICT_OBJC_MSGSEND = YES;
				ENABLE_TESTABILITY = YES;
				ENABLE_USER_SCRIPT_SANDBOXING = YES;
				GCC_C_LANGUAGE_STANDARD = gnu17;
				GCC_DYNAMIC_NO_PIC = NO;
				GCC_NO_COMMON_BLOCKS = YES;
				GCC_OPTIMIZATION_LEVEL = 0;
				GCC_PREPROCESSOR_DEFINITIONS = (
					"DEBUG=1",
					"$(inherited)",
				);
				GCC_WARN_64_TO_32_BIT_CONVERSION = YES;
				GCC_WARN_ABOUT_RETURN_TYPE = YES_ERROR;
				GCC_WARN_UNDECLARED_SELECTOR = YES;
				GCC_WARN_UNINITIALIZED_AUTOS = YES_AGGRESSIVE;
				GCC_WARN_UNUSED_FUNCTION = YES;
				GCC_WARN_UNUSED_VARIABLE = YES;
				LOCALIZATION_PREFERS_STRING_CATALOGS = YES;
				MTL_ENABLE_DEBUG_INFO = INCLUDE_SOURCE;
				MTL_FAST_MATH = YES;
				ONLY_ACTIVE_ARCH = YES;
				SWIFT_ACTIVE_COMPILATION_CONDITIONS = "DEBUG $(inherited)";
				SWIFT_OPTIMIZATION_LEVEL = "-Onone";
			};
			name = Debug;
		};
		0E7607712FEAAEF500F958AA /* Release */ = {
			isa = XCBuildConfiguration;
			buildSettings = {
				ALWAYS_SEARCH_USER_PATHS = NO;
				ASSETCATALOG_COMPILER_GENERATE_SWIFT_ASSET_SYMBOL_EXTENSIONS = YES;
				CLANG_ANALYZER_NONNULL = YES;
				CLANG_ANALYZER_NUMBER_OBJECT_CONVERSION = YES_AGGRESSIVE;
				CLANG_CXX_LANGUAGE_STANDARD = "gnu++20";
				CLANG_ENABLE_MODULES = YES;
				CLANG_ENABLE_OBJC_ARC = YES;
				CLANG_ENABLE_OBJC_WEAK = YES;
				CLANG_WARN_BLOCK_CAPTURE_AUTORELEASING = YES;
				CLANG_WARN_BOOL_CONVERSION = YES;
				CLANG_WARN_COMMA = YES;
				CLANG_WARN_CONSTANT_CONVERSION = YES;
				CLANG_WARN_DEPRECATED_OBJC_IMPLEMENTATIONS = YES;
				CLANG_WARN_DIRECT_OBJC_ISA_USAGE = YES_ERROR;
				CLANG_WARN_DOCUMENTATION_COMMENTS = YES;
				CLANG_WARN_EMPTY_BODY = YES;
				CLANG_WARN_ENUM_CONVERSION = YES;
				CLANG_WARN_INFINITE_RECURSION = YES;
				CLANG_WARN_INT_CONVERSION = YES;
				CLANG_WARN_NON_LITERAL_NULL_CONVERSION = YES;
				CLANG_WARN_OBJC_IMPLICIT_RETAIN_SELF = YES;
				CLANG_WARN_OBJC_LITERAL_CONVERSION = YES;
				CLANG_WARN_OBJC_ROOT_CLASS = YES_ERROR;
				CLANG_WARN_QUOTED_INCLUDE_IN_FRAMEWORK_HEADER = YES;
				CLANG_WARN_RANGE_LOOP_ANALYSIS = YES;
				CLANG_WARN_STRICT_PROTOTYPES = YES;
				CLANG_WARN_SUSPICIOUS_MOVE = YES;
				CLANG_WARN_UNGUARDED_AVAILABILITY = YES_AGGRESSIVE;
				CLANG_WARN_UNREACHABLE_CODE = YES;
				CLANG_WARN__DUPLICATE_METHOD_MATCH = YES;
				COPY_PHASE_STRIP = NO;
				DEBUG_INFORMATION_FORMAT = "dwarf-with-dsym";
				DEVELOPMENT_TEAM = 86SKTK882J;
				ENABLE_NS_ASSERTIONS = NO;
				ENABLE_STRICT_OBJC_MSGSEND = YES;
				ENABLE_USER_SCRIPT_SANDBOXING = YES;
				GCC_C_LANGUAGE_STANDARD = gnu17;
				GCC_NO_COMMON_BLOCKS = YES;
				GCC_WARN_64_TO_32_BIT_CONVERSION = YES;
				GCC_WARN_ABOUT_RETURN_TYPE = YES_ERROR;
				GCC_WARN_UNDECLARED_SELECTOR = YES;
				GCC_WARN_UNINITIALIZED_AUTOS = YES_AGGRESSIVE;
				GCC_WARN_UNUSED_FUNCTION = YES;
				GCC_WARN_UNUSED_VARIABLE = YES;
				LOCALIZATION_PREFERS_STRING_CATALOGS = YES;
				MTL_ENABLE_DEBUG_INFO = NO;
				MTL_FAST_MATH = YES;
				SWIFT_COMPILATION_MODE = wholemodule;
			};
			name = Release;
		};
		0E7607732FEAAEF500F958AA /* Debug */ = {
			isa = XCBuildConfiguration;
			buildSettings = {
				BUNDLE_LOADER = "$(TEST_HOST)";
				CODE_SIGN_STYLE = Automatic;
				CURRENT_PROJECT_VERSION = 1;
				DEVELOPMENT_TEAM = 86SKTK882J;
				GENERATE_INFOPLIST_FILE = YES;
				IPHONEOS_DEPLOYMENT_TARGET = 26.2;
				MACOSX_DEPLOYMENT_TARGET = 26.2;
				MARKETING_VERSION = 1.0;
				PRODUCT_BUNDLE_IDENTIFIER = "com.sugri.NASA-APODTests";
				PRODUCT_NAME = "$(TARGET_NAME)";
				SDKROOT = auto;
				STRING_CATALOG_GENERATE_SYMBOLS = NO;
				SUPPORTED_PLATFORMS = "iphoneos iphonesimulator macosx xros xrsimulator";
				SWIFT_APPROACHABLE_CONCURRENCY = YES;
				SWIFT_EMIT_LOC_STRINGS = NO;
				SWIFT_UPCOMING_FEATURE_MEMBER_IMPORT_VISIBILITY = YES;
				SWIFT_VERSION = 5.0;
				TARGETED_DEVICE_FAMILY = "1,2,7";
				TEST_HOST = "$(BUILT_PRODUCTS_DIR)/NasaApod.app/$(BUNDLE_EXECUTABLE_FOLDER_PATH)/NasaApod";
				XROS_DEPLOYMENT_TARGET = 26.2;
			};
			name = Debug;
		};
		0E7607742FEAAEF500F958AA /* Release */ = {
			isa = XCBuildConfiguration;
			buildSettings = {
				BUNDLE_LOADER = "$(TEST_HOST)";
				CODE_SIGN_STYLE = Automatic;
				CURRENT_PROJECT_VERSION = 1;
				DEVELOPMENT_TEAM = 86SKTK882J;
				GENERATE_INFOPLIST_FILE = YES;
				IPHONEOS_DEPLOYMENT_TARGET = 26.2;
				MACOSX_DEPLOYMENT_TARGET = 26.2;
				MARKETING_VERSION = 1.0;
				PRODUCT_BUNDLE_IDENTIFIER = "com.sugri.NASA-APODTests";
				PRODUCT_NAME = "$(TARGET_NAME)";
				SDKROOT = auto;
				STRING_CATALOG_GENERATE_SYMBOLS = NO;
				SUPPORTED_PLATFORMS = "iphoneos iphonesimulator macosx xros xrsimulator";
				SWIFT_APPROACHABLE_CONCURRENCY = YES;
				SWIFT_EMIT_LOC_STRINGS = NO;
				SWIFT_UPCOMING_FEATURE_MEMBER_IMPORT_VISIBILITY = YES;
				SWIFT_VERSION = 5.0;
				TARGETED_DEVICE_FAMILY = "1,2,7";
				TEST_HOST = "$(BUILT_PRODUCTS_DIR)/NasaApod.app/$(BUNDLE_EXECUTABLE_FOLDER_PATH)/NasaApod";
				XROS_DEPLOYMENT_TARGET = 26.2;
			};
			name = Release;
		};
		0E7607762FEAAEF500F958AA /* Debug */ = {
			isa = XCBuildConfiguration;
			buildSettings = {
				CODE_SIGN_STYLE = Automatic;
				CURRENT_PROJECT_VERSION = 1;
				DEVELOPMENT_TEAM = 86SKTK882J;
				GENERATE_INFOPLIST_FILE = YES;
				IPHONEOS_DEPLOYMENT_TARGET = 26.2;
				MACOSX_DEPLOYMENT_TARGET = 26.2;
				MARKETING_VERSION = 1.0;
				PRODUCT_BUNDLE_IDENTIFIER = "com.sugri.NASA-APODUITests";
				PRODUCT_NAME = "$(TARGET_NAME)";
				SDKROOT = auto;
				STRING_CATALOG_GENERATE_SYMBOLS = NO;
				SUPPORTED_PLATFORMS = "iphoneos iphonesimulator macosx xros xrsimulator";
				SWIFT_APPROACHABLE_CONCURRENCY = YES;
				SWIFT_EMIT_LOC_STRINGS = NO;
				SWIFT_UPCOMING_FEATURE_MEMBER_IMPORT_VISIBILITY = YES;
				SWIFT_VERSION = 5.0;
				TARGETED_DEVICE_FAMILY = "1,2,7";
				TEST_TARGET_NAME = NASA_APOD;
				XROS_DEPLOYMENT_TARGET = 26.2;
			};
			name = Debug;
		};
		0E7607772FEAAEF500F958AA /* Release */ = {
			isa = XCBuildConfiguration;
			buildSettings = {
				CODE_SIGN_STYLE = Automatic;
				CURRENT_PROJECT_VERSION = 1;
				DEVELOPMENT_TEAM = 86SKTK882J;
				GENERATE_INFOPLIST_FILE = YES;
				IPHONEOS_DEPLOYMENT_TARGET = 26.2;
				MACOSX_DEPLOYMENT_TARGET = 26.2;
				MARKETING_VERSION = 1.0;
				PRODUCT_BUNDLE_IDENTIFIER = "com.sugri.NASA-APODUITests";
				PRODUCT_NAME = "$(TARGET_NAME)";
				SDKROOT = auto;
				STRING_CATALOG_GENERATE_SYMBOLS = NO;
				SUPPORTED_PLATFORMS = "iphoneos iphonesimulator macosx xros xrsimulator";
				SWIFT_APPROACHABLE_CONCURRENCY = YES;
				SWIFT_EMIT_LOC_STRINGS = NO;
				SWIFT_UPCOMING_FEATURE_MEMBER_IMPORT_VISIBILITY = YES;
				SWIFT_VERSION = 5.0;
				TARGETED_DEVICE_FAMILY = "1,2,7";
				TEST_TARGET_NAME = NASA_APOD;
				XROS_DEPLOYMENT_TARGET = 26.2;
			};
			name = Release;
		};
/* End XCBuildConfiguration section */

/* Begin XCConfigurationList section */
		0E7607442FEAAEF300F958AA /* Build configuration list for PBXProject "NasaApod" */ = {
			isa = XCConfigurationList;
			buildConfigurations = (
				0E7607702FEAAEF500F958AA /* Debug */,
				0E7607712FEAAEF500F958AA /* Release */,
			);
			defaultConfigurationIsVisible = 0;
			defaultConfigurationName = Release;
		};
		0E76076D2FEAAEF500F958AA /* Build configuration list for PBXNativeTarget "NasaApod" */ = {
			isa = XCConfigurationList;
			buildConfigurations = (
				0E76076E2FEAAEF500F958AA /* Debug */,
				0E76076F2FEAAEF500F958AA /* Release */,
			);
			defaultConfigurationIsVisible = 0;
			defaultConfigurationName = Release;
		};
		0E7607722FEAAEF500F958AA /* Build configuration list for PBXNativeTarget "NasaApodTests" */ = {
			isa = XCConfigurationList;
			buildConfigurations = (
				0E7607732FEAAEF500F958AA /* Debug */,
				0E7607742FEAAEF500F958AA /* Release */,
			);
			defaultConfigurationIsVisible = 0;
			defaultConfigurationName = Release;
		};
		0E7607752FEAAEF500F958AA /* Build configuration list for PBXNativeTarget "NasaApodUITests" */ = {
			isa = XCConfigurationList;
			buildConfigurations = (
				0E7607762FEAAEF500F958AA /* Debug */,
				0E7607772FEAAEF500F958AA /* Release */,
			);
			defaultConfigurationIsVisible = 0;
			defaultConfigurationName = Release;
		};
/* End XCConfigurationList section */

/* Begin XCSwiftPackageProductDependency section */
		0E2402A1300105E800A46D20 /* ApodData */ = {
			isa = XCSwiftPackageProductDependency;
			productName = ApodData;
		};
		0E2402A3300105FA00A46D20 /* ApodDomain */ = {
			isa = XCSwiftPackageProductDependency;
			productName = ApodDomain;
		};
		0E377BE430010D8900931F82 /* DependencyContainer */ = {
			isa = XCSwiftPackageProductDependency;
			productName = DependencyContainer;
		};
		0E377C273001362000931F82 /* ExploreData */ = {
			isa = XCSwiftPackageProductDependency;
			productName = ExploreData;
		};
		0E377C293001362500931F82 /* ExploreDomain */ = {
			isa = XCSwiftPackageProductDependency;
			productName = ExploreDomain;
		};
		0E37ECE12FF2A1D4005F4D0B /* APOD */ = {
			isa = XCSwiftPackageProductDependency;
			productName = APOD;
		};
		0E37ECE42FF2A368005F4D0B /* Core */ = {
			isa = XCSwiftPackageProductDependency;
			productName = Core;
		};
		0E3919532FFE808900B982A0 /* Explore */ = {
			isa = XCSwiftPackageProductDependency;
			productName = Explore;
		};
		0E4CD3742FF3B75700485651 /* DesignSystem */ = {
			isa = XCSwiftPackageProductDependency;
			productName = DesignSystem;
		};
		0E4FDDC12FFFCB640098E4EF /* MediaKit */ = {
			isa = XCSwiftPackageProductDependency;
			productName = MediaKit;
		};
		0EE5D9A42FFD102400CC4C96 /* MainTabView */ = {
			isa = XCSwiftPackageProductDependency;
			productName = MainTabView;
		};
		0EE5D9A72FFD112E00CC4C96 /* AppFoundation */ = {
			isa = XCSwiftPackageProductDependency;
			productName = AppFoundation;
		};
/* End XCSwiftPackageProductDependency section */
	};
	rootObject = 0E7607412FEAAEF300F958AA /* Project object */;
}
